
Microsoft Visual Studio Solution File, Format Version 12.00
# Visual Studio Version 17
VisualStudioVersion = 17.8.34511.84
MinimumVisualStudioVersion = 10.0.40219.1
Project("{FAE04EC0-301F-11D3-BF4B-00C04F79EFBC}") = "OdontoWeb.API", "OdontoWeb.API\OdontoWeb.API.csproj", "{F3176186-9BDE-426F-84F4-0B4C112F9466}"
EndProject
Global
	GlobalSection(SolutionConfigurationPlatforms) = preSolution
		Debug|Any CPU = Debug|Any CPU
		Release|Any CPU = Release|Any CPU
	EndGlobalSection
	GlobalSection(ProjectConfigurationPlatforms) = postSolution
		{F3176186-9BDE-426F-84F4-0B4C112F9466}.Debug|Any CPU.ActiveCfg = Debug|Any CPU
		{F3176186-9BDE-426F-84F4-0B4C112F9466}.Debug|Any CPU.Build.0 = Debug|Any CPU
		{F3176186-9BDE-426F-84F4-0B4C112F9466}.Release|Any CPU.ActiveCfg = Release|Any CPU
		{F3176186-9BDE-426F-84F4-0B4C112F9466}.Release|Any CPU.Build.0 = Release|Any CPU
	EndGlobalSection
	GlobalSection(SolutionProperties) = preSolution
		HideSolutionNode = FALSE
	EndGlobalSection
	GlobalSection(ExtensibilityGlobals) = postSolution
		SolutionGuid = {449EA008-9554-4081-A8FD-81B33882C6E4}
	EndGlobalSection
EndGlobal
